
Microsoft Visual Studio Solution File, Format Version 12.00
# Visual Studio Version 16
VisualStudioVersion = 16.0.32106.194
MinimumVisualStudioVersion = 10.0.40219.1
Project("{FAE04EC0-301F-11D3-BF4B-00C04F79EFBC}") = "NDManager", "NDManager\NDManager.csproj", "{FD95292F-B316-41C8-892A-395AE7C67684}"
EndProject
Global
	GlobalSection(SolutionConfigurationPlatforms) = preSolution
		Debug|Any CPU = Debug|Any CPU
		Release|Any CPU = Release|Any CPU
	EndGlobalSection
	GlobalSection(ProjectConfigurationPlatforms) = postSolution
		{FD95292F-B316-41C8-892A-395AE7C67684}.Debug|Any CPU.ActiveCfg = Debug|Any CPU
		{FD95292F-B316-41C8-892A-395AE7C67684}.Debug|Any CPU.Build.0 = Debug|Any CPU
		{FD95292F-B316-41C8-892A-395AE7C67684}.Release|Any CPU.ActiveCfg = Release|Any CPU
		{FD95292F-B316-41C8-892A-395AE7C67684}.Release|Any CPU.Build.0 = Release|Any CPU
	EndGlobalSection
	GlobalSection(SolutionProperties) = preSolution
		HideSolutionNode = FALSE
	EndGlobalSection
	GlobalSection(ExtensibilityGlobals) = postSolution
		SolutionGuid = {6E12FAD1-4C36-46A2-B95D-4207A27F3E1F}
	EndGlobalSection
EndGlobal
